
Microsoft Visual Studio Solution File, Format Version 12.00
# Visual Studio Version 17
VisualStudioVersion = 17.7.34031.279
MinimumVisualStudioVersion = 10.0.40219.1
Project("{FAE04EC0-301F-11D3-BF4B-00C04F79EFBC}") = "MenuPrincipal", "MenuPrincipal.csproj", "{BEAAD435-C8A9-4393-827C-5F274E5B7D58}"
EndProject
Global
	GlobalSection(SolutionConfigurationPlatforms) = preSolution
		Debug|Any CPU = Debug|Any CPU
		Release|Any CPU = Release|Any CPU
	EndGlobalSection
	GlobalSection(ProjectConfigurationPlatforms) = postSolution
		{BEAAD435-C8A9-4393-827C-5F274E5B7D58}.Debug|Any CPU.ActiveCfg = Debug|Any CPU
		{BEAAD435-C8A9-4393-827C-5F274E5B7D58}.Debug|Any CPU.Build.0 = Debug|Any CPU
		{BEAAD435-C8A9-4393-827C-5F274E5B7D58}.Release|Any CPU.ActiveCfg = Release|Any CPU
		{BEAAD435-C8A9-4393-827C-5F274E5B7D58}.Release|Any CPU.Build.0 = Release|Any CPU
	EndGlobalSection
	GlobalSection(SolutionProperties) = preSolution
		HideSolutionNode = FALSE
	EndGlobalSection
	GlobalSection(ExtensibilityGlobals) = postSolution
		SolutionGuid = {1C0382A0-45D9-457A-9C43-1C25005ED488}
	EndGlobalSection
EndGlobal
